
Microsoft Visual Studio Solution File, Format Version 12.00
# Visual Studio Version 17
VisualStudioVersion = 17.5.33516.290
MinimumVisualStudioVersion = 10.0.40219.1
Project("{FAE04EC0-301F-11D3-BF4B-00C04F79EFBC}") = "fractal-explorer-simulation", "fractal-explorer-simulation\fractal-explorer-simulation.csproj", "{5F1A1FE3-5BD9-46EA-8787-59AC50EDAF83}"
EndProject
Global
	GlobalSection(SolutionConfigurationPlatforms) = preSolution
		Debug|Any CPU = Debug|Any CPU
		Release|Any CPU = Release|Any CPU
	EndGlobalSection
	GlobalSection(ProjectConfigurationPlatforms) = postSolution
		{5F1A1FE3-5BD9-46EA-8787-59AC50EDAF83}.Debug|Any CPU.ActiveCfg = Debug|Any CPU
		{5F1A1FE3-5BD9-46EA-8787-59AC50EDAF83}.Debug|Any CPU.Build.0 = Debug|Any CPU
		{5F1A1FE3-5BD9-46EA-8787-59AC50EDAF83}.Release|Any CPU.ActiveCfg = Release|Any CPU
		{5F1A1FE3-5BD9-46EA-8787-59AC50EDAF83}.Release|Any CPU.Build.0 = Release|Any CPU
	EndGlobalSection
	GlobalSection(SolutionProperties) = preSolution
		HideSolutionNode = FALSE
	EndGlobalSection
	GlobalSection(ExtensibilityGlobals) = postSolution
		SolutionGuid = {BE0F17EF-75D7-4A1A-B191-0D9FEE194A3E}
	EndGlobalSection
EndGlobal
